
Microsoft Visual Studio Solution File, Format Version 12.00
# Visual Studio Version 17
VisualStudioVersion = 17.12.35514.174 d17.12
MinimumVisualStudioVersion = 10.0.40219.1
Project("{8BC9CEB8-8B4A-11D0-8D11-00A0C91BC942}") = "01_Crashcourse1", "01_Crashcourse1\01_Crashcourse1.vcxproj", "{C1893258-B5EC-428D-85A0-D74418CAB96D}"
EndProject
Project("{8BC9CEB8-8B4A-11D0-8D11-00A0C91BC942}") = "2_ crashcourse2", "2_ crashcourse2\2_ crashcourse2.vcxproj", "{AA1A8416-B435-46E7-B8CB-9DEAF9815032}"
EndProject
Project("{8BC9CEB8-8B4A-11D0-8D11-00A0C91BC942}") = "3 crash out", "3 crash out\3 crash out.vcxproj", "{C12630BC-B47A-4683-B69B-9D7A498D7BB6}"
EndProject
Global
	GlobalSection(SolutionConfigurationPlatforms) = preSolution
		Debug|x64 = Debug|x64
		Debug|x86 = Debug|x86
		Release|x64 = Release|x64
		Release|x86 = Release|x86
	EndGlobalSection
	GlobalSection(ProjectConfigurationPlatforms) = postSolution
		{C1893258-B5EC-428D-85A0-D74418CAB96D}.Debug|x64.ActiveCfg = Debug|x64
		{C1893258-B5EC-428D-85A0-D74418CAB96D}.Debug|x64.Build.0 = Debug|x64
		{C1893258-B5EC-428D-85A0-D74418CAB96D}.Debug|x86.ActiveCfg = Debug|Win32
		{C1893258-B5EC-428D-85A0-D74418CAB96D}.Debug|x86.Build.0 = Debug|Win32
		{C1893258-B5EC-428D-85A0-D74418CAB96D}.Release|x64.ActiveCfg = Release|x64
		{C1893258-B5EC-428D-85A0-D74418CAB96D}.Release|x64.Build.0 = Release|x64
		{C1893258-B5EC-428D-85A0-D74418CAB96D}.Release|x86.ActiveCfg = Release|Win32
		{C1893258-B5EC-428D-85A0-D74418CAB96D}.Release|x86.Build.0 = Release|Win32
		{AA1A8416-B435-46E7-B8CB-9DEAF9815032}.Debug|x64.ActiveCfg = Debug|x64
		{AA1A8416-B435-46E7-B8CB-9DEAF9815032}.Debug|x64.Build.0 = Debug|x64
		{AA1A8416-B435-46E7-B8CB-9DEAF9815032}.Debug|x86.ActiveCfg = Debug|Win32
		{AA1A8416-B435-46E7-B8CB-9DEAF9815032}.Debug|x86.Build.0 = Debug|Win32
		{AA1A8416-B435-46E7-B8CB-9DEAF9815032}.Release|x64.ActiveCfg = Release|x64
		{AA1A8416-B435-46E7-B8CB-9DEAF9815032}.Release|x64.Build.0 = Release|x64
		{AA1A8416-B435-46E7-B8CB-9DEAF9815032}.Release|x86.ActiveCfg = Release|Win32
		{AA1A8416-B435-46E7-B8CB-9DEAF9815032}.Release|x86.Build.0 = Release|Win32
		{C12630BC-B47A-4683-B69B-9D7A498D7BB6}.Debug|x64.ActiveCfg = Debug|x64
		{C12630BC-B47A-4683-B69B-9D7A498D7BB6}.Debug|x64.Build.0 = Debug|x64
		{C12630BC-B47A-4683-B69B-9D7A498D7BB6}.Debug|x86.ActiveCfg = Debug|Win32
		{C12630BC-B47A-4683-B69B-9D7A498D7BB6}.Debug|x86.Build.0 = Debug|Win32
		{C12630BC-B47A-4683-B69B-9D7A498D7BB6}.Release|x64.ActiveCfg = Release|x64
		{C12630BC-B47A-4683-B69B-9D7A498D7BB6}.Release|x64.Build.0 = Release|x64
		{C12630BC-B47A-4683-B69B-9D7A498D7BB6}.Release|x86.ActiveCfg = Release|Win32
		{C12630BC-B47A-4683-B69B-9D7A498D7BB6}.Release|x86.Build.0 = Release|Win32
	EndGlobalSection
	GlobalSection(SolutionProperties) = preSolution
		HideSolutionNode = FALSE
	EndGlobalSection
EndGlobal
